<?xml version="1.0" encoding="utf-8"?>
<Project ToolsVersion="4.0" xmlns="http://schemas.microsoft.com/developer/msbuild/2003">
  <ItemGroup>
    <Filter Include="Source Files">
      <UniqueIdentifier>{4FC737F1-C7A5-4376-A066-2A32D752A2FF}</UniqueIdentifier>
      <Extensions>cpp;c;cc;cxx;def;odl;idl;hpj;bat;asm;asmx</Extensions>
    </Filter>
    <Filter Include="Header Files">
      <UniqueIdentifier>{93995380-89BD-4b04-88EB-625FBE52EBFB}</UniqueIdentifier>
      <Extensions>h;hpp;hxx;hm;inl;inc;xsd</Extensions>
    </Filter>
    <Filter Include="Resource Files">
      <UniqueIdentifier>{67DA6AB6-F800-4c08-8B7A-83BB121AAD01}</UniqueIdentifier>
      <Extensions>rc;ico;cur;bmp;dlg;rc2;rct;bin;rgs;gif;jpg;jpeg;jpe;resx;tiff;tif;png;wav;mfcribbon-ms</Extensions>
    </Filter>
  </ItemGroup>
  <ItemGroup>
    <ClInclude Include="File.h">
      <Filter>Header Files</Filter>
    </ClInclude>
    <ClInclude Include="hash.h">
      <Filter>Header Files</Filter>
    </ClInclude>
    <ClInclude Include="Image.h">
      <Filter>Header Files</Filter>
    </ClInclude>
    <ClInclude Include="misc.h">
      <Filter>Header Files</Filter>
    </ClInclude>
    <ClInclude Include="Network.h">
      <Filter>Header Files</Filter>
    </ClInclude>
    <ClInclude Include="object.h">
      <Filter>Header Files</Filter>
    </ClInclude>
    <ClInclude Include="pch.h">
      <Filter>Header Files</Filter>
    </ClInclude>
    <ClInclude Include="Process.h">
      <Filter>Header Files</Filter>
    </ClInclude>
    <ClInclude Include="Registry.h">
      <Filter>Header Files</Filter>
    </ClInclude>
    <ClInclude Include="ssdt.h">
      <Filter>Header Files</Filter>
    </ClInclude>
    <ClInclude Include="thread.h">
      <Filter>Header Files</Filter>
    </ClInclude>
    <ClInclude Include="pe.h">
      <Filter>Header Files</Filter>
    </ClInclude>
    <ClInclude Include="ProcessInfo.h">
      <Filter>Header Files</Filter>
    </ClInclude>
    <ClInclude Include="CopyFile.h">
      <Filter>Header Files</Filter>
    </ClInclude>
    <ClInclude Include="APC.h">
      <Filter>Header Files</Filter>
    </ClInclude>
    <ClInclude Include="TEB.h">
      <Filter>Header Files</Filter>
    </ClInclude>
    <ClInclude Include="PEB.h">
      <Filter>Header Files</Filter>
    </ClInclude>
    <ClInclude Include="SystemInfo.h">
      <Filter>Header Files</Filter>
    </ClInclude>
    <ClInclude Include="pcr.h">
      <Filter>Header Files</Filter>
    </ClInclude>
    <ClInclude Include="cpu.h">
      <Filter>Header Files</Filter>
    </ClInclude>
    <ClInclude Include="gdt.h">
      <Filter>Header Files</Filter>
    </ClInclude>
    <ClInclude Include="idt.h">
      <Filter>Header Files</Filter>
    </ClInclude>
    <ClInclude Include="log.h">
      <Filter>Header Files</Filter>
    </ClInclude>
    <ClInclude Include="utf8.h">
      <Filter>Header Files</Filter>
    </ClInclude>
    <ClInclude Include="cpp.h">
      <Filter>Header Files</Filter>
    </ClInclude>
    <ClInclude Include="stl.h">
      <Filter>Header Files</Filter>
    </ClInclude>
    <ClInclude Include="map.h">
      <Filter>Header Files</Filter>
    </ClInclude>
    <ClInclude Include="Memory.h">
      <Filter>Header Files</Filter>
    </ClInclude>
    <ClInclude Include="encrypt.h">
      <Filter>Header Files</Filter>
    </ClInclude>
    <ClInclude Include="signature.h">
      <Filter>Header Files</Filter>
    </ClInclude>
  </ItemGroup>
  <ItemGroup>
    <ClCompile Include="File.cpp">
      <Filter>Source Files</Filter>
    </ClCompile>
    <ClCompile Include="hash.cpp">
      <Filter>Source Files</Filter>
    </ClCompile>
    <ClCompile Include="Image.cpp">
      <Filter>Source Files</Filter>
    </ClCompile>
    <ClCompile Include="misc.cpp">
      <Filter>Source Files</Filter>
    </ClCompile>
    <ClCompile Include="Network.cpp">
      <Filter>Source Files</Filter>
    </ClCompile>
    <ClCompile Include="object.cpp">
      <Filter>Source Files</Filter>
    </ClCompile>
    <ClCompile Include="pch.cpp">
      <Filter>Source Files</Filter>
    </ClCompile>
    <ClCompile Include="Process.cpp">
      <Filter>Source Files</Filter>
    </ClCompile>
    <ClCompile Include="Registry.cpp">
      <Filter>Source Files</Filter>
    </ClCompile>
    <ClCompile Include="ssdt.cpp">
      <Filter>Source Files</Filter>
    </ClCompile>
    <ClCompile Include="thread.cpp">
      <Filter>Source Files</Filter>
    </ClCompile>
    <ClCompile Include="pe.cpp">
      <Filter>Source Files</Filter>
    </ClCompile>
    <ClCompile Include="CopyFile.cpp">
      <Filter>Source Files</Filter>
    </ClCompile>
    <ClCompile Include="APC.cpp">
      <Filter>Source Files</Filter>
    </ClCompile>
    <ClCompile Include="TEB.cpp">
      <Filter>Source Files</Filter>
    </ClCompile>
    <ClCompile Include="PEB.cpp">
      <Filter>Source Files</Filter>
    </ClCompile>
    <ClCompile Include="SystemInfo.cpp">
      <Filter>Source Files</Filter>
    </ClCompile>
    <ClCompile Include="pcr.cpp">
      <Filter>Source Files</Filter>
    </ClCompile>
    <ClCompile Include="cpu.cpp">
      <Filter>Source Files</Filter>
    </ClCompile>
    <ClCompile Include="gdt.cpp">
      <Filter>Source Files</Filter>
    </ClCompile>
    <ClCompile Include="idt.cpp">
      <Filter>Source Files</Filter>
    </ClCompile>
    <ClCompile Include="log.cpp">
      <Filter>Source Files</Filter>
    </ClCompile>
    <ClCompile Include="utf8.cpp">
      <Filter>Source Files</Filter>
    </ClCompile>
    <ClCompile Include="cpp.cpp">
      <Filter>Source Files</Filter>
    </ClCompile>
    <ClCompile Include="stl.cpp">
      <Filter>Source Files</Filter>
    </ClCompile>
    <ClCompile Include="map.cpp">
      <Filter>Source Files</Filter>
    </ClCompile>
    <ClCompile Include="Memory.cpp">
      <Filter>Source Files</Filter>
    </ClCompile>
    <ClCompile Include="encrypt.cpp">
      <Filter>Source Files</Filter>
    </ClCompile>
    <ClCompile Include="signature.cpp">
      <Filter>Source Files</Filter>
    </ClCompile>
  </ItemGroup>
  <ItemGroup>
    <Text Include="readme.txt" />
  </ItemGroup>
</Project>